
Microsoft Visual Studio Solution File, Format Version 12.00
# Visual Studio Version 16
VisualStudioVersion = 16.0.29505.145
MinimumVisualStudioVersion = 10.0.40219.1
Project("{FAE04EC0-301F-11D3-BF4B-00C04F79EFBC}") = "EncPlexViewer", "EncPlexViewer\EncPlexViewer.csproj", "{FB3408AB-E580-4485-B992-FBCB2C191B01}"
EndProject
Global
	GlobalSection(SolutionConfigurationPlatforms) = preSolution
		Debug|Any CPU = Debug|Any CPU
		Release|Any CPU = Release|Any CPU
	EndGlobalSection
	GlobalSection(ProjectConfigurationPlatforms) = postSolution
		{FB3408AB-E580-4485-B992-FBCB2C191B01}.Debug|Any CPU.ActiveCfg = Debug|Any CPU
		{FB3408AB-E580-4485-B992-FBCB2C191B01}.Debug|Any CPU.Build.0 = Debug|Any CPU
		{FB3408AB-E580-4485-B992-FBCB2C191B01}.Release|Any CPU.ActiveCfg = Release|Any CPU
		{FB3408AB-E580-4485-B992-FBCB2C191B01}.Release|Any CPU.Build.0 = Release|Any CPU
	EndGlobalSection
	GlobalSection(SolutionProperties) = preSolution
		HideSolutionNode = FALSE
	EndGlobalSection
	GlobalSection(ExtensibilityGlobals) = postSolution
		SolutionGuid = {AE09DB2B-00B7-4D17-ACA2-E888FCB3DFD4}
	EndGlobalSection
EndGlobal
